{
  "name": "pluralsight-modern-async-js",
  "requires": true,
  "lockfileVersion": 1,
  "dependencies": {
    "chai-spies": {
      "version": "1.0.0",
      "resolved": "https://registry.npmjs.org/chai-spies/-/chai-spies-1.0.0.tgz",
      "integrity": "sha512-elF2ZUczBsFoP07qCfMO/zeggs8pqCf3fZGyK5+2X4AndS8jycZYID91ztD9oQ7d/0tnS963dPkd0frQEThDsg==",
      "dev": true
    }
  }
}
